# THIS IS AN AUTOGENERATED FILE. DO NOT EDIT THIS FILE DIRECTLY.
# yarn lockfile v1


jsdoc-babel@^0.3.0:
  version "0.3.0"
  resolved "https://registry.yarnpkg.com/jsdoc-babel/-/jsdoc-babel-0.3.0.tgz#2eaaefd9eca8d8b78845394a1cce9d8896befbe1"
  dependencies:
    lodash "^4.13.1"

lodash@^4.13.1:
  version "4.17.4"
  resolved "https://registry.yarnpkg.com/lodash/-/lodash-4.17.4.tgz#78203a4d1c328ae1d86dca6460e369b57f4055ae"
